{
  "nodes": {
    "nixpkgs": {
      "locked": {
        "lastModified": 1704585857,
        "narHash": "sha256-Web7dgo8PGqf2YzmaFaMB8oIuUi/Chsgw0tCls0OH6Y=",
        "owner": "NixOS",
        "repo": "nixpkgs",
        "rev": "4dbe9e4cc5720bcfce8cb2a0c445f605de908c54",
        "type": "github"
      },
      "original": {
        "owner": "NixOS",
        "ref": "master",
        "repo": "nixpkgs",
        "type": "github"
      }
    },
    "root": {
      "inputs": {
        "nixpkgs": "nixpkgs",
        "systems": "systems"
      }
    },
    "systems": {
      "locked": {
        "lastModified": 1681028828,
        "narHash": "sha256-Vy1rq5AaRuLzOxct8nz4T6wlgyUR7zLU309k9mBC768=",
        "owner": "nix-systems",
        "repo": "default",
        "rev": "da67096a3b9bf56a91d16901293e51ba5b49a27e",
        "type": "github"
      },
      "original": {
        "owner": "nix-systems",
        "repo": "default",
        "type": "github"
      }
    }
  },
  "root": "root",
  "version": 7
}
